
Microsoft Visual Studio Solution File, Format Version 12.00
# Visual Studio Version 17
VisualStudioVersion = 17.13.35931.197
MinimumVisualStudioVersion = 10.0.40219.1
Project("{2150E333-8FDC-42A3-9474-1A3956D46DE8}") = "Engine", "Engine", "{02EA681E-C7D8-13C7-8484-4AC65E1B71E8}"
EndProject
Project("{2150E333-8FDC-42A3-9474-1A3956D46DE8}") = "Framework", "Framework", "{B0304806-F3E6-4FEE-80CD-BB87D3F78159}"
EndProject
Project("{8BC9CEB8-8B4A-11D0-8D11-00A0C91BC942}") = "Core", "Framework\Core\Core.vcxproj", "{5841B74A-7AAF-4A18-99C0-A9C81741AF26}"
EndProject
Project("{2150E333-8FDC-42A3-9474-1A3956D46DE8}") = "VGP242", "VGP242", "{CD6A92BA-0E2A-4298-B391-69BEEEAB2A3D}"
EndProject
Project("{8BC9CEB8-8B4A-11D0-8D11-00A0C91BC942}") = "01_HelloWindow", "VGP242\01_HelloWindow\01_HelloWindow.vcxproj", "{AB7CBA45-BF8C-4355-8AD0-1E6890864114}"
EndProject
Project("{8BC9CEB8-8B4A-11D0-8D11-00A0C91BC942}") = "RedSnowEngine", "Engine\RedSnowEngine\Red Snow Engine.vcxproj", "{4F613025-A2F3-4F96-B111-E20BB6EFD8DB}"
EndProject
Project("{8BC9CEB8-8B4A-11D0-8D11-00A0C91BC942}") = "Math", "Framework\Math\Math.vcxproj", "{98D92FB6-8E92-4AE1-B7AB-6A8242FEDE3E}"
EndProject
Project("{2150E333-8FDC-42A3-9474-1A3956D46DE8}") = "External", "External", "{E2F89C4D-CE63-473C-9072-C5ACC8914750}"
EndProject
Project("{8BC9CEB8-8B4A-11D0-8D11-00A0C91BC942}") = "Graphics", "Framework\Graphics\Graphics.vcxproj", "{2E0165F9-2CD1-48EE-B032-42BEBC34FA71}"
EndProject
Project("{8BC9CEB8-8B4A-11D0-8D11-00A0C91BC942}") = "DirectXTK_Desktop_2022", "External\DirectXTK\DirectXTK_Desktop_2022.vcxproj", "{E0B52AE7-E160-4D32-BF3F-910B785E5A8E}"
EndProject
Project("{8BC9CEB8-8B4A-11D0-8D11-00A0C91BC942}") = "02_HelloShapes", "VGP242\02_HelloShapes\02_HelloShapes.vcxproj", "{506942D7-1FCE-4334-B642-67A2A2632770}"
EndProject
Project("{2150E333-8FDC-42A3-9474-1A3956D46DE8}") = "Assets", "Assets", "{02FC589C-C81D-4C9A-8EB0-D167656B85C9}"
EndProject
Project("{2150E333-8FDC-42A3-9474-1A3956D46DE8}") = "Shaders", "Shaders", "{4FEA8745-FFBF-4847-97AD-E7BA07A0FA34}"
	ProjectSection(SolutionItems) = preProject
		Assets\Shaders\DoColor.fx = Assets\Shaders\DoColor.fx
		Assets\Shaders\DoSomething.fx = Assets\Shaders\DoSomething.fx
		Assets\Shaders\DoTexture.fx = Assets\Shaders\DoTexture.fx
		Assets\Shaders\DoTransformColor.fx = Assets\Shaders\DoTransformColor.fx
		Assets\Shaders\SimpleDraw.fx = Assets\Shaders\SimpleDraw.fx
	EndProjectSection
EndProject
Project("{8BC9CEB8-8B4A-11D0-8D11-00A0C91BC942}") = "Input", "Framework\Input\Input.vcxproj", "{3629F01A-6FED-42EB-B308-E9F7F1346EAF}"
EndProject
Project("{8BC9CEB8-8B4A-11D0-8D11-00A0C91BC942}") = "03_HelloCube", "VGP242\03_HelloCube\03_HelloCube.vcxproj", "{061BAD3B-4F3D-48BD-954F-ED89A828F4DB}"
EndProject
Project("{8BC9CEB8-8B4A-11D0-8D11-00A0C91BC942}") = "04_HelloMeshBuilder", "VGP242\04_HelloMeshBuilder\04_HelloMeshBuilder.vcxproj", "{705162B7-27E1-44F4-A807-0DFB876EF9B8}"
EndProject
Project("{8BC9CEB8-8B4A-11D0-8D11-00A0C91BC942}") = "ImGui", "External\ImGui\ImGui.vcxproj", "{52D656A2-A2F4-4C54-A3C7-653427BED1E8}"
EndProject
Project("{8BC9CEB8-8B4A-11D0-8D11-00A0C91BC942}") = "05_HelloDebug", "VGP242\05_HelloDebug\05_HelloDebug.vcxproj", "{E40B98F4-FD92-435B-8AD5-D41BE0CFCA33}"
EndProject
Project("{8BC9CEB8-8B4A-11D0-8D11-00A0C91BC942}") = "06_HelloRenderTarget", "VGP242\06_HelloRenderTarget\06_HelloRenderTarget.vcxproj", "{73A81171-B231-4B4C-BBBF-8E961FE793DA}"
EndProject
Global
	GlobalSection(SolutionConfigurationPlatforms) = preSolution
		Debug|x64 = Debug|x64
		Debug|x86 = Debug|x86
		Release|x64 = Release|x64
		Release|x86 = Release|x86
	EndGlobalSection
	GlobalSection(ProjectConfigurationPlatforms) = postSolution
		{5841B74A-7AAF-4A18-99C0-A9C81741AF26}.Debug|x64.ActiveCfg = Debug|x64
		{5841B74A-7AAF-4A18-99C0-A9C81741AF26}.Debug|x64.Build.0 = Debug|x64
		{5841B74A-7AAF-4A18-99C0-A9C81741AF26}.Debug|x86.ActiveCfg = Debug|Win32
		{5841B74A-7AAF-4A18-99C0-A9C81741AF26}.Debug|x86.Build.0 = Debug|Win32
		{5841B74A-7AAF-4A18-99C0-A9C81741AF26}.Release|x64.ActiveCfg = Release|x64
		{5841B74A-7AAF-4A18-99C0-A9C81741AF26}.Release|x64.Build.0 = Release|x64
		{5841B74A-7AAF-4A18-99C0-A9C81741AF26}.Release|x86.ActiveCfg = Release|Win32
		{5841B74A-7AAF-4A18-99C0-A9C81741AF26}.Release|x86.Build.0 = Release|Win32
		{AB7CBA45-BF8C-4355-8AD0-1E6890864114}.Debug|x64.ActiveCfg = Debug|x64
		{AB7CBA45-BF8C-4355-8AD0-1E6890864114}.Debug|x64.Build.0 = Debug|x64
		{AB7CBA45-BF8C-4355-8AD0-1E6890864114}.Debug|x86.ActiveCfg = Debug|Win32
		{AB7CBA45-BF8C-4355-8AD0-1E6890864114}.Debug|x86.Build.0 = Debug|Win32
		{AB7CBA45-BF8C-4355-8AD0-1E6890864114}.Release|x64.ActiveCfg = Release|x64
		{AB7CBA45-BF8C-4355-8AD0-1E6890864114}.Release|x64.Build.0 = Release|x64
		{AB7CBA45-BF8C-4355-8AD0-1E6890864114}.Release|x86.ActiveCfg = Release|Win32
		{AB7CBA45-BF8C-4355-8AD0-1E6890864114}.Release|x86.Build.0 = Release|Win32
		{4F613025-A2F3-4F96-B111-E20BB6EFD8DB}.Debug|x64.ActiveCfg = Debug|x64
		{4F613025-A2F3-4F96-B111-E20BB6EFD8DB}.Debug|x64.Build.0 = Debug|x64
		{4F613025-A2F3-4F96-B111-E20BB6EFD8DB}.Debug|x86.ActiveCfg = Debug|Win32
		{4F613025-A2F3-4F96-B111-E20BB6EFD8DB}.Debug|x86.Build.0 = Debug|Win32
		{4F613025-A2F3-4F96-B111-E20BB6EFD8DB}.Release|x64.ActiveCfg = Release|x64
		{4F613025-A2F3-4F96-B111-E20BB6EFD8DB}.Release|x64.Build.0 = Release|x64
		{4F613025-A2F3-4F96-B111-E20BB6EFD8DB}.Release|x86.ActiveCfg = Release|Win32
		{4F613025-A2F3-4F96-B111-E20BB6EFD8DB}.Release|x86.Build.0 = Release|Win32
		{98D92FB6-8E92-4AE1-B7AB-6A8242FEDE3E}.Debug|x64.ActiveCfg = Debug|x64
		{98D92FB6-8E92-4AE1-B7AB-6A8242FEDE3E}.Debug|x64.Build.0 = Debug|x64
		{98D92FB6-8E92-4AE1-B7AB-6A8242FEDE3E}.Debug|x86.ActiveCfg = Debug|Win32
		{98D92FB6-8E92-4AE1-B7AB-6A8242FEDE3E}.Debug|x86.Build.0 = Debug|Win32
		{98D92FB6-8E92-4AE1-B7AB-6A8242FEDE3E}.Release|x64.ActiveCfg = Release|x64
		{98D92FB6-8E92-4AE1-B7AB-6A8242FEDE3E}.Release|x64.Build.0 = Release|x64
		{98D92FB6-8E92-4AE1-B7AB-6A8242FEDE3E}.Release|x86.ActiveCfg = Release|Win32
		{98D92FB6-8E92-4AE1-B7AB-6A8242FEDE3E}.Release|x86.Build.0 = Release|Win32
		{2E0165F9-2CD1-48EE-B032-42BEBC34FA71}.Debug|x64.ActiveCfg = Debug|x64
		{2E0165F9-2CD1-48EE-B032-42BEBC34FA71}.Debug|x64.Build.0 = Debug|x64
		{2E0165F9-2CD1-48EE-B032-42BEBC34FA71}.Debug|x86.ActiveCfg = Debug|Win32
		{2E0165F9-2CD1-48EE-B032-42BEBC34FA71}.Debug|x86.Build.0 = Debug|Win32
		{2E0165F9-2CD1-48EE-B032-42BEBC34FA71}.Release|x64.ActiveCfg = Release|x64
		{2E0165F9-2CD1-48EE-B032-42BEBC34FA71}.Release|x64.Build.0 = Release|x64
		{2E0165F9-2CD1-48EE-B032-42BEBC34FA71}.Release|x86.ActiveCfg = Release|Win32
		{2E0165F9-2CD1-48EE-B032-42BEBC34FA71}.Release|x86.Build.0 = Release|Win32
		{E0B52AE7-E160-4D32-BF3F-910B785E5A8E}.Debug|x64.ActiveCfg = Debug|x64
		{E0B52AE7-E160-4D32-BF3F-910B785E5A8E}.Debug|x64.Build.0 = Debug|x64
		{E0B52AE7-E160-4D32-BF3F-910B785E5A8E}.Debug|x86.ActiveCfg = Debug|Win32
		{E0B52AE7-E160-4D32-BF3F-910B785E5A8E}.Debug|x86.Build.0 = Debug|Win32
		{E0B52AE7-E160-4D32-BF3F-910B785E5A8E}.Release|x64.ActiveCfg = Release|x64
		{E0B52AE7-E160-4D32-BF3F-910B785E5A8E}.Release|x64.Build.0 = Release|x64
		{E0B52AE7-E160-4D32-BF3F-910B785E5A8E}.Release|x86.ActiveCfg = Release|Win32
		{E0B52AE7-E160-4D32-BF3F-910B785E5A8E}.Release|x86.Build.0 = Release|Win32
		{506942D7-1FCE-4334-B642-67A2A2632770}.Debug|x64.ActiveCfg = Debug|x64
		{506942D7-1FCE-4334-B642-67A2A2632770}.Debug|x64.Build.0 = Debug|x64
		{506942D7-1FCE-4334-B642-67A2A2632770}.Debug|x86.ActiveCfg = Debug|Win32
		{506942D7-1FCE-4334-B642-67A2A2632770}.Debug|x86.Build.0 = Debug|Win32
		{506942D7-1FCE-4334-B642-67A2A2632770}.Release|x64.ActiveCfg = Release|x64
		{506942D7-1FCE-4334-B642-67A2A2632770}.Release|x64.Build.0 = Release|x64
		{506942D7-1FCE-4334-B642-67A2A2632770}.Release|x86.ActiveCfg = Release|Win32
		{506942D7-1FCE-4334-B642-67A2A2632770}.Release|x86.Build.0 = Release|Win32
		{3629F01A-6FED-42EB-B308-E9F7F1346EAF}.Debug|x64.ActiveCfg = Debug|x64
		{3629F01A-6FED-42EB-B308-E9F7F1346EAF}.Debug|x64.Build.0 = Debug|x64
		{3629F01A-6FED-42EB-B308-E9F7F1346EAF}.Debug|x86.ActiveCfg = Debug|Win32
		{3629F01A-6FED-42EB-B308-E9F7F1346EAF}.Debug|x86.Build.0 = Debug|Win32
		{3629F01A-6FED-42EB-B308-E9F7F1346EAF}.Release|x64.ActiveCfg = Release|x64
		{3629F01A-6FED-42EB-B308-E9F7F1346EAF}.Release|x64.Build.0 = Release|x64
		{3629F01A-6FED-42EB-B308-E9F7F1346EAF}.Release|x86.ActiveCfg = Release|Win32
		{3629F01A-6FED-42EB-B308-E9F7F1346EAF}.Release|x86.Build.0 = Release|Win32
		{061BAD3B-4F3D-48BD-954F-ED89A828F4DB}.Debug|x64.ActiveCfg = Debug|x64
		{061BAD3B-4F3D-48BD-954F-ED89A828F4DB}.Debug|x64.Build.0 = Debug|x64
		{061BAD3B-4F3D-48BD-954F-ED89A828F4DB}.Debug|x86.ActiveCfg = Debug|Win32
		{061BAD3B-4F3D-48BD-954F-ED89A828F4DB}.Debug|x86.Build.0 = Debug|Win32
		{061BAD3B-4F3D-48BD-954F-ED89A828F4DB}.Release|x64.ActiveCfg = Release|x64
		{061BAD3B-4F3D-48BD-954F-ED89A828F4DB}.Release|x64.Build.0 = Release|x64
		{061BAD3B-4F3D-48BD-954F-ED89A828F4DB}.Release|x86.ActiveCfg = Release|Win32
		{061BAD3B-4F3D-48BD-954F-ED89A828F4DB}.Release|x86.Build.0 = Release|Win32
		{705162B7-27E1-44F4-A807-0DFB876EF9B8}.Debug|x64.ActiveCfg = Debug|x64
		{705162B7-27E1-44F4-A807-0DFB876EF9B8}.Debug|x64.Build.0 = Debug|x64
		{705162B7-27E1-44F4-A807-0DFB876EF9B8}.Debug|x86.ActiveCfg = Debug|Win32
		{705162B7-27E1-44F4-A807-0DFB876EF9B8}.Debug|x86.Build.0 = Debug|Win32
		{705162B7-27E1-44F4-A807-0DFB876EF9B8}.Release|x64.ActiveCfg = Release|x64
		{705162B7-27E1-44F4-A807-0DFB876EF9B8}.Release|x64.Build.0 = Release|x64
		{705162B7-27E1-44F4-A807-0DFB876EF9B8}.Release|x86.ActiveCfg = Release|Win32
		{705162B7-27E1-44F4-A807-0DFB876EF9B8}.Release|x86.Build.0 = Release|Win32
		{52D656A2-A2F4-4C54-A3C7-653427BED1E8}.Debug|x64.ActiveCfg = Debug|x64
		{52D656A2-A2F4-4C54-A3C7-653427BED1E8}.Debug|x64.Build.0 = Debug|x64
		{52D656A2-A2F4-4C54-A3C7-653427BED1E8}.Debug|x86.ActiveCfg = Debug|Win32
		{52D656A2-A2F4-4C54-A3C7-653427BED1E8}.Debug|x86.Build.0 = Debug|Win32
		{52D656A2-A2F4-4C54-A3C7-653427BED1E8}.Release|x64.ActiveCfg = Release|x64
		{52D656A2-A2F4-4C54-A3C7-653427BED1E8}.Release|x64.Build.0 = Release|x64
		{52D656A2-A2F4-4C54-A3C7-653427BED1E8}.Release|x86.ActiveCfg = Release|Win32
		{52D656A2-A2F4-4C54-A3C7-653427BED1E8}.Release|x86.Build.0 = Release|Win32
		{E40B98F4-FD92-435B-8AD5-D41BE0CFCA33}.Debug|x64.ActiveCfg = Debug|x64
		{E40B98F4-FD92-435B-8AD5-D41BE0CFCA33}.Debug|x64.Build.0 = Debug|x64
		{E40B98F4-FD92-435B-8AD5-D41BE0CFCA33}.Debug|x86.ActiveCfg = Debug|Win32
		{E40B98F4-FD92-435B-8AD5-D41BE0CFCA33}.Debug|x86.Build.0 = Debug|Win32
		{E40B98F4-FD92-435B-8AD5-D41BE0CFCA33}.Release|x64.ActiveCfg = Release|x64
		{E40B98F4-FD92-435B-8AD5-D41BE0CFCA33}.Release|x64.Build.0 = Release|x64
		{E40B98F4-FD92-435B-8AD5-D41BE0CFCA33}.Release|x86.ActiveCfg = Release|Win32
		{E40B98F4-FD92-435B-8AD5-D41BE0CFCA33}.Release|x86.Build.0 = Release|Win32
		{73A81171-B231-4B4C-BBBF-8E961FE793DA}.Debug|x64.ActiveCfg = Debug|x64
		{73A81171-B231-4B4C-BBBF-8E961FE793DA}.Debug|x64.Build.0 = Debug|x64
		{73A81171-B231-4B4C-BBBF-8E961FE793DA}.Debug|x86.ActiveCfg = Debug|Win32
		{73A81171-B231-4B4C-BBBF-8E961FE793DA}.Debug|x86.Build.0 = Debug|Win32
		{73A81171-B231-4B4C-BBBF-8E961FE793DA}.Release|x64.ActiveCfg = Release|x64
		{73A81171-B231-4B4C-BBBF-8E961FE793DA}.Release|x64.Build.0 = Release|x64
		{73A81171-B231-4B4C-BBBF-8E961FE793DA}.Release|x86.ActiveCfg = Release|Win32
		{73A81171-B231-4B4C-BBBF-8E961FE793DA}.Release|x86.Build.0 = Release|Win32
	EndGlobalSection
	GlobalSection(SolutionProperties) = preSolution
		HideSolutionNode = FALSE
	EndGlobalSection
	GlobalSection(NestedProjects) = preSolution
		{5841B74A-7AAF-4A18-99C0-A9C81741AF26} = {B0304806-F3E6-4FEE-80CD-BB87D3F78159}
		{AB7CBA45-BF8C-4355-8AD0-1E6890864114} = {CD6A92BA-0E2A-4298-B391-69BEEEAB2A3D}
		{4F613025-A2F3-4F96-B111-E20BB6EFD8DB} = {02EA681E-C7D8-13C7-8484-4AC65E1B71E8}
		{98D92FB6-8E92-4AE1-B7AB-6A8242FEDE3E} = {B0304806-F3E6-4FEE-80CD-BB87D3F78159}
		{2E0165F9-2CD1-48EE-B032-42BEBC34FA71} = {B0304806-F3E6-4FEE-80CD-BB87D3F78159}
		{E0B52AE7-E160-4D32-BF3F-910B785E5A8E} = {E2F89C4D-CE63-473C-9072-C5ACC8914750}
		{506942D7-1FCE-4334-B642-67A2A2632770} = {CD6A92BA-0E2A-4298-B391-69BEEEAB2A3D}
		{4FEA8745-FFBF-4847-97AD-E7BA07A0FA34} = {02FC589C-C81D-4C9A-8EB0-D167656B85C9}
		{3629F01A-6FED-42EB-B308-E9F7F1346EAF} = {B0304806-F3E6-4FEE-80CD-BB87D3F78159}
		{061BAD3B-4F3D-48BD-954F-ED89A828F4DB} = {CD6A92BA-0E2A-4298-B391-69BEEEAB2A3D}
		{705162B7-27E1-44F4-A807-0DFB876EF9B8} = {CD6A92BA-0E2A-4298-B391-69BEEEAB2A3D}
		{52D656A2-A2F4-4C54-A3C7-653427BED1E8} = {E2F89C4D-CE63-473C-9072-C5ACC8914750}
		{E40B98F4-FD92-435B-8AD5-D41BE0CFCA33} = {CD6A92BA-0E2A-4298-B391-69BEEEAB2A3D}
		{73A81171-B231-4B4C-BBBF-8E961FE793DA} = {CD6A92BA-0E2A-4298-B391-69BEEEAB2A3D}
	EndGlobalSection
	GlobalSection(ExtensibilityGlobals) = postSolution
		SolutionGuid = {9089204D-AA28-47FB-9079-944487F4788C}
	EndGlobalSection
EndGlobal
